
Microsoft Visual Studio Solution File, Format Version 12.00
# Visual Studio Version 17
VisualStudioVersion = 17.4.33213.308
MinimumVisualStudioVersion = 10.0.40219.1
Project("{2150E333-8FDC-42A3-9474-1A3956D46DE8}") = "Services", "Services", "{E72B2D25-3C08-4623-8599-C080A84AFA13}"
EndProject
Project("{2150E333-8FDC-42A3-9474-1A3956D46DE8}") = "Catalogue", "Catalogue", "{E9555792-2F84-429F-AA9E-7EC43A687D28}"
EndProject
Project("{2150E333-8FDC-42A3-9474-1A3956D46DE8}") = "Shared", "Shared", "{1391DD16-B670-439D-97FE-8056B094CDBF}"
EndProject
Project("{9A19103F-16F7-4668-BE54-9A1E7A4F7556}") = "Groceteria.Catalogue.Api", "services\catalogue\Groceteria.Catalogue.Api\Groceteria.Catalogue.Api.csproj", "{45C6DC36-EDD5-432F-AE4F-F879E84EB4FE}"
EndProject
Project("{9A19103F-16F7-4668-BE54-9A1E7A4F7556}") = "Groceteria.Shared", "services\shared\Groceteria.Shared\Groceteria.Shared.csproj", "{E7A38270-EDB7-4CF5-B2BD-9950BE080694}"
EndProject
Project("{2150E333-8FDC-42A3-9474-1A3956D46DE8}") = "Infrastructure", "Infrastructure", "{2075BA6B-76E8-454B-A09F-71E27BD60670}"
EndProject
Project("{9A19103F-16F7-4668-BE54-9A1E7A4F7556}") = "Groceteria.Infrastructure", "services\infrastructure\Groceteria.Infrastructure\Groceteria.Infrastructure.csproj", "{C18C23D7-519A-456A-A2BD-6EB3A0A54388}"
EndProject
Project("{E53339B2-1760-4266-BCC7-CA923CBCF16C}") = "docker-compose", "docker-compose.dcproj", "{97D189F6-D27E-4D2D-8F37-3E623E69E7C2}"
EndProject
Project("{2150E333-8FDC-42A3-9474-1A3956D46DE8}") = "Basket", "Basket", "{5B95DA81-6992-4152-8312-40F4713FA5BE}"
EndProject
Project("{9A19103F-16F7-4668-BE54-9A1E7A4F7556}") = "Groceteria.Basket.Api", "Services\Basket\Groceteria.Basket.Api\Groceteria.Basket.Api.csproj", "{60AA015E-34BA-447F-9909-38EF2C826143}"
EndProject
Project("{2150E333-8FDC-42A3-9474-1A3956D46DE8}") = "Discount", "Discount", "{0C2BF22A-8542-4798-879F-8FECC3DEDA9D}"
EndProject
Project("{9A19103F-16F7-4668-BE54-9A1E7A4F7556}") = "Groceteria.Discount.Grpc", "Services\Discount\Groceteria.Discount.Grpc\Groceteria.Discount.Grpc.csproj", "{FA7BEA7A-E731-4B91-9E49-F34BAA6F1B4D}"
EndProject
Project("{2150E333-8FDC-42A3-9474-1A3956D46DE8}") = "Notification", "Notification", "{16BBFE38-1911-4C2C-8A88-6100E5E70848}"
EndProject
Project("{9A19103F-16F7-4668-BE54-9A1E7A4F7556}") = "Groceteria.NotificationMessgae.Processor", "Services\Notification\Groceteria.NotificationMessgae.Processor\Groceteria.NotificationMessgae.Processor.csproj", "{0C4C0FD8-C22F-4EC3-99CB-C2B5E5DA32D6}"
EndProject
Project("{2150E333-8FDC-42A3-9474-1A3956D46DE8}") = "SalesOrder", "SalesOrder", "{34C8A6E1-C0C4-4264-831A-AA8E032D7596}"
EndProject
Project("{9A19103F-16F7-4668-BE54-9A1E7A4F7556}") = "Groceteria.SaleseOrder.Api", "Services\SalesOrder\Groceteria.SaleseOrder.Api\Groceteria.SaleseOrder.Api.csproj", "{84E4B6B1-C9EA-479E-B737-5637A02FFAF2}"
EndProject
Project("{9A19103F-16F7-4668-BE54-9A1E7A4F7556}") = "Groceteria.SalesOrder.Domain", "Services\SalesOrder\Groceteria.SalesOrder.Domain\Groceteria.SalesOrder.Domain.csproj", "{228C83C1-1A22-4E45-BF88-58984D725943}"
EndProject
Project("{9A19103F-16F7-4668-BE54-9A1E7A4F7556}") = "Groceteria.SalesOrder.Application", "Services\SalesOrder\Groceteria.SalesOrder.Application\Groceteria.SalesOrder.Application.csproj", "{792C2330-33DF-44D4-A37E-59CB705A5AA2}"
EndProject
Project("{9A19103F-16F7-4668-BE54-9A1E7A4F7556}") = "Groceteria.SalesOrder.Infrastructure", "Services\SalesOrder\Groceteria.SalesOrder.Infrastructure\Groceteria.SalesOrder.Infrastructure.csproj", "{16166C28-94BB-44A8-B530-14F8632F7A5E}"
EndProject
Project("{9A19103F-16F7-4668-BE54-9A1E7A4F7556}") = "Swagger", "Services\SalesOrder\Swagger\Swagger.csproj", "{57CBE4D7-B8C1-469C-8610-9052508DD6D9}"
EndProject
Project("{2150E333-8FDC-42A3-9474-1A3956D46DE8}") = "ApiGateways", "ApiGateways", "{6C3F84DB-D1FF-4DE8-B315-A0B7CA5B1212}"
EndProject
Project("{FAE04EC0-301F-11D3-BF4B-00C04F79EFBC}") = "Groceteria.ApiGateway", "Services\ApiGateways\Groceteria.ApiGateway\Groceteria.ApiGateway.csproj", "{53FCCC75-C39E-4672-AAA9-2A53DC5C16FB}"
EndProject
Global
	GlobalSection(SolutionConfigurationPlatforms) = preSolution
		Debug|Any CPU = Debug|Any CPU
		Release|Any CPU = Release|Any CPU
	EndGlobalSection
	GlobalSection(ProjectConfigurationPlatforms) = postSolution
		{45C6DC36-EDD5-432F-AE4F-F879E84EB4FE}.Debug|Any CPU.ActiveCfg = Debug|Any CPU
		{45C6DC36-EDD5-432F-AE4F-F879E84EB4FE}.Debug|Any CPU.Build.0 = Debug|Any CPU
		{45C6DC36-EDD5-432F-AE4F-F879E84EB4FE}.Release|Any CPU.ActiveCfg = Release|Any CPU
		{45C6DC36-EDD5-432F-AE4F-F879E84EB4FE}.Release|Any CPU.Build.0 = Release|Any CPU
		{E7A38270-EDB7-4CF5-B2BD-9950BE080694}.Debug|Any CPU.ActiveCfg = Debug|Any CPU
		{E7A38270-EDB7-4CF5-B2BD-9950BE080694}.Debug|Any CPU.Build.0 = Debug|Any CPU
		{E7A38270-EDB7-4CF5-B2BD-9950BE080694}.Release|Any CPU.ActiveCfg = Release|Any CPU
		{E7A38270-EDB7-4CF5-B2BD-9950BE080694}.Release|Any CPU.Build.0 = Release|Any CPU
		{C18C23D7-519A-456A-A2BD-6EB3A0A54388}.Debug|Any CPU.ActiveCfg = Debug|Any CPU
		{C18C23D7-519A-456A-A2BD-6EB3A0A54388}.Debug|Any CPU.Build.0 = Debug|Any CPU
		{C18C23D7-519A-456A-A2BD-6EB3A0A54388}.Release|Any CPU.ActiveCfg = Release|Any CPU
		{C18C23D7-519A-456A-A2BD-6EB3A0A54388}.Release|Any CPU.Build.0 = Release|Any CPU
		{97D189F6-D27E-4D2D-8F37-3E623E69E7C2}.Debug|Any CPU.ActiveCfg = Debug|Any CPU
		{97D189F6-D27E-4D2D-8F37-3E623E69E7C2}.Debug|Any CPU.Build.0 = Debug|Any CPU
		{97D189F6-D27E-4D2D-8F37-3E623E69E7C2}.Release|Any CPU.ActiveCfg = Release|Any CPU
		{97D189F6-D27E-4D2D-8F37-3E623E69E7C2}.Release|Any CPU.Build.0 = Release|Any CPU
		{60AA015E-34BA-447F-9909-38EF2C826143}.Debug|Any CPU.ActiveCfg = Debug|Any CPU
		{60AA015E-34BA-447F-9909-38EF2C826143}.Debug|Any CPU.Build.0 = Debug|Any CPU
		{60AA015E-34BA-447F-9909-38EF2C826143}.Release|Any CPU.ActiveCfg = Release|Any CPU
		{60AA015E-34BA-447F-9909-38EF2C826143}.Release|Any CPU.Build.0 = Release|Any CPU
		{FA7BEA7A-E731-4B91-9E49-F34BAA6F1B4D}.Debug|Any CPU.ActiveCfg = Debug|Any CPU
		{FA7BEA7A-E731-4B91-9E49-F34BAA6F1B4D}.Debug|Any CPU.Build.0 = Debug|Any CPU
		{FA7BEA7A-E731-4B91-9E49-F34BAA6F1B4D}.Release|Any CPU.ActiveCfg = Release|Any CPU
		{FA7BEA7A-E731-4B91-9E49-F34BAA6F1B4D}.Release|Any CPU.Build.0 = Release|Any CPU
		{0C4C0FD8-C22F-4EC3-99CB-C2B5E5DA32D6}.Debug|Any CPU.ActiveCfg = Debug|Any CPU
		{0C4C0FD8-C22F-4EC3-99CB-C2B5E5DA32D6}.Debug|Any CPU.Build.0 = Debug|Any CPU
		{0C4C0FD8-C22F-4EC3-99CB-C2B5E5DA32D6}.Release|Any CPU.ActiveCfg = Release|Any CPU
		{0C4C0FD8-C22F-4EC3-99CB-C2B5E5DA32D6}.Release|Any CPU.Build.0 = Release|Any CPU
		{84E4B6B1-C9EA-479E-B737-5637A02FFAF2}.Debug|Any CPU.ActiveCfg = Debug|Any CPU
		{84E4B6B1-C9EA-479E-B737-5637A02FFAF2}.Debug|Any CPU.Build.0 = Debug|Any CPU
		{84E4B6B1-C9EA-479E-B737-5637A02FFAF2}.Release|Any CPU.ActiveCfg = Release|Any CPU
		{84E4B6B1-C9EA-479E-B737-5637A02FFAF2}.Release|Any CPU.Build.0 = Release|Any CPU
		{228C83C1-1A22-4E45-BF88-58984D725943}.Debug|Any CPU.ActiveCfg = Debug|Any CPU
		{228C83C1-1A22-4E45-BF88-58984D725943}.Debug|Any CPU.Build.0 = Debug|Any CPU
		{228C83C1-1A22-4E45-BF88-58984D725943}.Release|Any CPU.ActiveCfg = Release|Any CPU
		{228C83C1-1A22-4E45-BF88-58984D725943}.Release|Any CPU.Build.0 = Release|Any CPU
		{792C2330-33DF-44D4-A37E-59CB705A5AA2}.Debug|Any CPU.ActiveCfg = Debug|Any CPU
		{792C2330-33DF-44D4-A37E-59CB705A5AA2}.Debug|Any CPU.Build.0 = Debug|Any CPU
		{792C2330-33DF-44D4-A37E-59CB705A5AA2}.Release|Any CPU.ActiveCfg = Release|Any CPU
		{792C2330-33DF-44D4-A37E-59CB705A5AA2}.Release|Any CPU.Build.0 = Release|Any CPU
		{16166C28-94BB-44A8-B530-14F8632F7A5E}.Debug|Any CPU.ActiveCfg = Debug|Any CPU
		{16166C28-94BB-44A8-B530-14F8632F7A5E}.Debug|Any CPU.Build.0 = Debug|Any CPU
		{16166C28-94BB-44A8-B530-14F8632F7A5E}.Release|Any CPU.ActiveCfg = Release|Any CPU
		{16166C28-94BB-44A8-B530-14F8632F7A5E}.Release|Any CPU.Build.0 = Release|Any CPU
		{57CBE4D7-B8C1-469C-8610-9052508DD6D9}.Debug|Any CPU.ActiveCfg = Debug|Any CPU
		{57CBE4D7-B8C1-469C-8610-9052508DD6D9}.Debug|Any CPU.Build.0 = Debug|Any CPU
		{57CBE4D7-B8C1-469C-8610-9052508DD6D9}.Release|Any CPU.ActiveCfg = Release|Any CPU
		{57CBE4D7-B8C1-469C-8610-9052508DD6D9}.Release|Any CPU.Build.0 = Release|Any CPU
		{53FCCC75-C39E-4672-AAA9-2A53DC5C16FB}.Debug|Any CPU.ActiveCfg = Debug|Any CPU
		{53FCCC75-C39E-4672-AAA9-2A53DC5C16FB}.Debug|Any CPU.Build.0 = Debug|Any CPU
		{53FCCC75-C39E-4672-AAA9-2A53DC5C16FB}.Release|Any CPU.ActiveCfg = Release|Any CPU
		{53FCCC75-C39E-4672-AAA9-2A53DC5C16FB}.Release|Any CPU.Build.0 = Release|Any CPU
	EndGlobalSection
	GlobalSection(SolutionProperties) = preSolution
		HideSolutionNode = FALSE
	EndGlobalSection
	GlobalSection(NestedProjects) = preSolution
		{E9555792-2F84-429F-AA9E-7EC43A687D28} = {E72B2D25-3C08-4623-8599-C080A84AFA13}
		{1391DD16-B670-439D-97FE-8056B094CDBF} = {E72B2D25-3C08-4623-8599-C080A84AFA13}
		{45C6DC36-EDD5-432F-AE4F-F879E84EB4FE} = {E9555792-2F84-429F-AA9E-7EC43A687D28}
		{E7A38270-EDB7-4CF5-B2BD-9950BE080694} = {1391DD16-B670-439D-97FE-8056B094CDBF}
		{2075BA6B-76E8-454B-A09F-71E27BD60670} = {E72B2D25-3C08-4623-8599-C080A84AFA13}
		{C18C23D7-519A-456A-A2BD-6EB3A0A54388} = {2075BA6B-76E8-454B-A09F-71E27BD60670}
		{5B95DA81-6992-4152-8312-40F4713FA5BE} = {E72B2D25-3C08-4623-8599-C080A84AFA13}
		{60AA015E-34BA-447F-9909-38EF2C826143} = {5B95DA81-6992-4152-8312-40F4713FA5BE}
		{0C2BF22A-8542-4798-879F-8FECC3DEDA9D} = {E72B2D25-3C08-4623-8599-C080A84AFA13}
		{FA7BEA7A-E731-4B91-9E49-F34BAA6F1B4D} = {0C2BF22A-8542-4798-879F-8FECC3DEDA9D}
		{16BBFE38-1911-4C2C-8A88-6100E5E70848} = {E72B2D25-3C08-4623-8599-C080A84AFA13}
		{0C4C0FD8-C22F-4EC3-99CB-C2B5E5DA32D6} = {16BBFE38-1911-4C2C-8A88-6100E5E70848}
		{34C8A6E1-C0C4-4264-831A-AA8E032D7596} = {E72B2D25-3C08-4623-8599-C080A84AFA13}
		{84E4B6B1-C9EA-479E-B737-5637A02FFAF2} = {34C8A6E1-C0C4-4264-831A-AA8E032D7596}
		{228C83C1-1A22-4E45-BF88-58984D725943} = {34C8A6E1-C0C4-4264-831A-AA8E032D7596}
		{792C2330-33DF-44D4-A37E-59CB705A5AA2} = {34C8A6E1-C0C4-4264-831A-AA8E032D7596}
		{16166C28-94BB-44A8-B530-14F8632F7A5E} = {34C8A6E1-C0C4-4264-831A-AA8E032D7596}
		{57CBE4D7-B8C1-469C-8610-9052508DD6D9} = {34C8A6E1-C0C4-4264-831A-AA8E032D7596}
		{53FCCC75-C39E-4672-AAA9-2A53DC5C16FB} = {6C3F84DB-D1FF-4DE8-B315-A0B7CA5B1212}
	EndGlobalSection
	GlobalSection(ExtensibilityGlobals) = postSolution
		SolutionGuid = {FD4DE02C-8D15-412D-B3F2-3497DE266763}
	EndGlobalSection
EndGlobal
